// !$*UTF8*$!
{
	archiveVersion = 1;
	classes = {
	};
	objectVersion = 46;
	objects = {

/* Begin PBXBuildFile section */
		C0A6572B19A588B100654F24 /* Acumulador.cpp in Sources */ = {isa = PBXBuildFile; fileRef = C0A6572719A588B100654F24 /* Acumulador.cpp */; };
		C0A6572C19A588B100654F24 /* test_Acumulador.cpp in Sources */ = {isa = PBXBuildFile; fileRef = C0A6572A19A588B100654F24 /* test_Acumulador.cpp */; };
/* End PBXBuildFile section */

/* Begin PBXCopyFilesBuildPhase section */
		C0FCA5F619A2759E0063EE9B /* CopyFiles */ = {
			isa = PBXCopyFilesBuildPhase;
			buildActionMask = 2147483647;
			dstPath = /usr/share/man/man1/;
			dstSubfolderSpec = 0;
			files = (
			);
			runOnlyForDeploymentPostprocessing = 1;
		};
/* End PBXCopyFilesBuildPhase section */

/* Begin PBXFileReference section */
		C0A6572719A588B100654F24 /* Acumulador.cpp */ = {isa = PBXFileReference; fileEncoding = 4; lastKnownFileType = sourcecode.cpp.cpp; path = Acumulador.cpp; sourceTree = "<group>"; };
		C0A6572819A588B100654F24 /* Acumulador.h */ = {isa = PBXFileReference; fileEncoding = 4; lastKnownFileType = sourcecode.c.h; path = Acumulador.h; sourceTree = "<group>"; };
		C0A6572919A588B100654F24 /* BUnit.h */ = {isa = PBXFileReference; fileEncoding = 4; lastKnownFileType = sourcecode.c.h; path = BUnit.h; sourceTree = "<group>"; };
		C0A6572A19A588B100654F24 /* test_Acumulador.cpp */ = {isa = PBXFileReference; fileEncoding = 4; lastKnownFileType = sourcecode.cpp.cpp; path = test_Acumulador.cpp; sourceTree = "<group>"; };
		C0A6572D19A588F700654F24 /* AcumuladorProgra2 */ = {isa = PBXFileReference; explicitFileType = "compiled.mach-o.executable"; includeInIndex = 0; name = AcumuladorProgra2; path = "/Users/gabriel/Proyectos/UCR/IV Semestre/Progra2/Programacion2/Tarea1/B31520/build/Debug/AcumuladorProgra2"; sourceTree = "<absolute>"; };
/* End PBXFileReference section */

/* Begin PBXFrameworksBuildPhase section */
		C0FCA5F519A2759E0063EE9B /* Frameworks */ = {
			isa = PBXFrameworksBuildPhase;
			buildActionMask = 2147483647;
			files = (
			);
			runOnlyForDeploymentPostprocessing = 0;
		};
/* End PBXFrameworksBuildPhase section */

/* Begin PBXGroup section */
		C0FCA5EF19A2759D0063EE9B = {
			isa = PBXGroup;
			children = (
				C0A6572719A588B100654F24 /* Acumulador.cpp */,
				C0A6572819A588B100654F24 /* Acumulador.h */,
				C0A6572919A588B100654F24 /* BUnit.h */,
				C0A6572A19A588B100654F24 /* test_Acumulador.cpp */,
			);
			sourceTree = "<group>";
		};
/* End PBXGroup section */

/* Begin PBXNativeTarget section */
		C0FCA5F719A2759E0063EE9B /* AcumuladorProgra2 */ = {
			isa = PBXNativeTarget;
			buildConfigurationList = C0FCA60119A2759E0063EE9B /* Build configuration list for PBXNativeTarget "AcumuladorProgra2" */;
			buildPhases = (
				C0FCA5F419A2759E0063EE9B /* Sources */,
				C0FCA5F519A2759E0063EE9B /* Frameworks */,
				C0FCA5F619A2759E0063EE9B /* CopyFiles */,
			);
			buildRules = (
			);
			dependencies = (
			);
			name = AcumuladorProgra2;
			productName = AcumuladorProgra2;
			productReference = C0A6572D19A588F700654F24 /* AcumuladorProgra2 */;
			productType = "com.apple.product-type.tool";
		};
/* End PBXNativeTarget section */

/* Begin PBXProject section */
		C0FCA5F019A2759D0063EE9B /* Project object */ = {
			isa = PBXProject;
			attributes = {
				LastUpgradeCheck = 0510;
				ORGANIZATIONNAME = me;
			};
			buildConfigurationList = C0FCA5F319A2759D0063EE9B /* Build configuration list for PBXProject "AcumuladorProgra2" */;
			compatibilityVersion = "Xcode 3.2";
			developmentRegion = English;
			hasScannedForEncodings = 0;
			knownRegions = (
				en,
			);
			mainGroup = C0FCA5EF19A2759D0063EE9B;
			productRefGroup = C0FCA5EF19A2759D0063EE9B;
			projectDirPath = "";
			projectRoot = "";
			targets = (
				C0FCA5F719A2759E0063EE9B /* AcumuladorProgra2 */,
			);
		};
/* End PBXProject section */

/* Begin PBXSourcesBuildPhase section */
		C0FCA5F419A2759E0063EE9B /* Sources */ = {
			isa = PBXSourcesBuildPhase;
			buildActionMask = 2147483647;
			files = (
				C0A6572C19A588B100654F24 /* test_Acumulador.cpp in Sources */,
				C0A6572B19A588B100654F24 /* Acumulador.cpp in Sources */,
			);
			runOnlyForDeploymentPostprocessing = 0;
		};
/* End PBXSourcesBuildPhase section */

/* Begin XCBuildConfiguration section */
		C0FCA5FF19A2759E0063EE9B /* Debug */ = {
			isa = XCBuildConfiguration;
			buildSettings = {
				ALWAYS_SEARCH_USER_PATHS = NO;
				CLANG_CXX_LANGUAGE_STANDARD = "gnu++0x";
				CLANG_CXX_LIBRARY = "libc++";
				CLANG_ENABLE_MODULES = YES;
				CLANG_ENABLE_OBJC_ARC = YES;
				CLANG_WARN_BOOL_CONVERSION = YES;
				CLANG_WARN_CONSTANT_CONVERSION = YES;
				CLANG_WARN_DIRECT_OBJC_ISA_USAGE = YES_ERROR;
				CLANG_WARN_EMPTY_BODY = YES;
				CLANG_WARN_ENUM_CONVERSION = YES;
				CLANG_WARN_INT_CONVERSION = YES;
				CLANG_WARN_OBJC_ROOT_CLASS = YES_ERROR;
				CLANG_WARN__DUPLICATE_METHOD_MATCH = YES;
				COPY_PHASE_STRIP = NO;
				GCC_C_LANGUAGE_STANDARD = gnu99;
				GCC_DYNAMIC_NO_PIC = NO;
				GCC_ENABLE_OBJC_EXCEPTIONS = YES;
				GCC_OPTIMIZATION_LEVEL = 0;
				GCC_PREPROCESSOR_DEFINITIONS = (
					"DEBUG=1",
					"$(inherited)",
				);
				GCC_SYMBOLS_PRIVATE_EXTERN = NO;
				GCC_WARN_64_TO_32_BIT_CONVERSION = YES;
				GCC_WARN_ABOUT_RETURN_TYPE = YES_ERROR;
				GCC_WARN_UNDECLARED_SELECTOR = YES;
				GCC_WARN_UNINITIALIZED_AUTOS = YES_AGGRESSIVE;
				GCC_WARN_UNUSED_FUNCTION = YES;
				GCC_WARN_UNUSED_VARIABLE = YES;
				MACOSX_DEPLOYMENT_TARGET = 10.9;
				ONLY_ACTIVE_ARCH = YES;
				SDKROOT = macosx;
			};
			name = Debug;
		};
		C0FCA60019A2759E0063EE9B /* Release */ = {
			isa = XCBuildConfiguration;
			buildSettings = {
				ALWAYS_SEARCH_USER_PATHS = NO;
				CLANG_CXX_LANGUAGE_STANDARD = "gnu++0x";
				CLANG_CXX_LIBRARY = "libc++";
				CLANG_ENABLE_MODULES = YES;
				CLANG_ENABLE_OBJC_ARC = YES;
				CLANG_WARN_BOOL_CONVERSION = YES;
				CLANG_WARN_CONSTANT_CONVERSION = YES;
				CLANG_WARN_DIRECT_OBJC_ISA_USAGE = YES_ERROR;
				CLANG_WARN_EMPTY_BODY = YES;
				CLANG_WARN_ENUM_CONVERSION = YES;
				CLANG_WARN_INT_CONVERSION = YES;
				CLANG_WARN_OBJC_ROOT_CLASS = YES_ERROR;
				CLANG_WARN__DUPLICATE_METHOD_MATCH = YES;
				COPY_PHASE_STRIP = YES;
				DEBUG_INFORMATION_FORMAT = "dwarf-with-dsym";
				ENABLE_NS_ASSERTIONS = NO;
				GCC_C_LANGUAGE_STANDARD = gnu99;
				GCC_ENABLE_OBJC_EXCEPTIONS = YES;
				GCC_WARN_64_TO_32_BIT_CONVERSION = YES;
				GCC_WARN_ABOUT_RETURN_TYPE = YES_ERROR;
				GCC_WARN_UNDECLARED_SELECTOR = YES;
				GCC_WARN_UNINITIALIZED_AUTOS = YES_AGGRESSIVE;
				GCC_WARN_UNUSED_FUNCTION = YES;
				GCC_WARN_UNUSED_VARIABLE = YES;
				MACOSX_DEPLOYMENT_TARGET = 10.9;
				SDKROOT = macosx;
			};
			name = Release;
		};
		C0FCA60219A2759E0063EE9B /* Debug */ = {
			isa = XCBuildConfiguration;
			buildSettings = {
				PRODUCT_NAME = "$(TARGET_NAME)";
			};
			name = Debug;
		};
		C0FCA60319A2759E0063EE9B /* Release */ = {
			isa = XCBuildConfiguration;
			buildSettings = {
				PRODUCT_NAME = "$(TARGET_NAME)";
			};
			name = Release;
		};
/* End XCBuildConfiguration section */

/* Begin XCConfigurationList section */
		C0FCA5F319A2759D0063EE9B /* Build configuration list for PBXProject "AcumuladorProgra2" */ = {
			isa = XCConfigurationList;
			buildConfigurations = (
				C0FCA5FF19A2759E0063EE9B /* Debug */,
				C0FCA60019A2759E0063EE9B /* Release */,
			);
			defaultConfigurationIsVisible = 0;
			defaultConfigurationName = Release;
		};
		C0FCA60119A2759E0063EE9B /* Build configuration list for PBXNativeTarget "AcumuladorProgra2" */ = {
			isa = XCConfigurationList;
			buildConfigurations = (
				C0FCA60219A2759E0063EE9B /* Debug */,
				C0FCA60319A2759E0063EE9B /* Release */,
			);
			defaultConfigurationIsVisible = 0;
			defaultConfigurationName = Release;
		};
/* End XCConfigurationList section */
	};
	rootObject = C0FCA5F019A2759D0063EE9B /* Project object */;
}
